// !$*UTF8*$!
{
	archiveVersion = 1;
	classes = {
	};
	objectVersion = 55;
	objects = {

/* Begin PBXBuildFile section */
		924338DB28611D4EB23D3D31 /* Pods_Messenger.framework in Frameworks */ = {isa = PBXBuildFile; fileRef = E9AFC5FDDF6326B23BA689E1 /* Pods_Messenger.framework */; };
		ED52EC7929F3E65A00F85266 /* DatabaseManager.swift in Sources */ = {isa = PBXBuildFile; fileRef = ED52EC7829F3E65A00F85266 /* DatabaseManager.swift */; };
		EDABC4F229EC14ED001F1BFD /* AppDelegate.swift in Sources */ = {isa = PBXBuildFile; fileRef = EDABC4F129EC14ED001F1BFD /* AppDelegate.swift */; };
		EDABC4F429EC14ED001F1BFD /* SceneDelegate.swift in Sources */ = {isa = PBXBuildFile; fileRef = EDABC4F329EC14ED001F1BFD /* SceneDelegate.swift */; };
		EDABC4F629EC14ED001F1BFD /* ConversationViewController.swift in Sources */ = {isa = PBXBuildFile; fileRef = EDABC4F529EC14ED001F1BFD /* ConversationViewController.swift */; };
		EDABC4F929EC14ED001F1BFD /* Main.storyboard in Resources */ = {isa = PBXBuildFile; fileRef = EDABC4F729EC14ED001F1BFD /* Main.storyboard */; };
		EDABC4FB29EC14EF001F1BFD /* Assets.xcassets in Resources */ = {isa = PBXBuildFile; fileRef = EDABC4FA29EC14EF001F1BFD /* Assets.xcassets */; };
		EDABC4FE29EC14EF001F1BFD /* LaunchScreen.storyboard in Resources */ = {isa = PBXBuildFile; fileRef = EDABC4FC29EC14EF001F1BFD /* LaunchScreen.storyboard */; };
		EDABC50C29EC18B1001F1BFD /* LoginViewController.swift in Sources */ = {isa = PBXBuildFile; fileRef = EDABC50B29EC18B1001F1BFD /* LoginViewController.swift */; };
		EDABC50E29EC18F3001F1BFD /* RegisterViewController.swift in Sources */ = {isa = PBXBuildFile; fileRef = EDABC50D29EC18F3001F1BFD /* RegisterViewController.swift */; };
		EDABC51029EC191C001F1BFD /* PhotoViewerViewController.swift in Sources */ = {isa = PBXBuildFile; fileRef = EDABC50F29EC191C001F1BFD /* PhotoViewerViewController.swift */; };
		EDABC51229EC193A001F1BFD /* VideoPlayerViewController.swift in Sources */ = {isa = PBXBuildFile; fileRef = EDABC51129EC193A001F1BFD /* VideoPlayerViewController.swift */; };
		EDABC51429EC1965001F1BFD /* NewConversationViewController.swift in Sources */ = {isa = PBXBuildFile; fileRef = EDABC51329EC1965001F1BFD /* NewConversationViewController.swift */; };
		EDABC51629EC198C001F1BFD /* ProfileViewController.swift in Sources */ = {isa = PBXBuildFile; fileRef = EDABC51529EC198C001F1BFD /* ProfileViewController.swift */; };
		EDABC51929ED7134001F1BFD /* Extensions.swift in Sources */ = {isa = PBXBuildFile; fileRef = EDABC51829ED7134001F1BFD /* Extensions.swift */; };
		EDABC51B29F03166001F1BFD /* GoogleService-Info.plist in Resources */ = {isa = PBXBuildFile; fileRef = EDABC51A29F03166001F1BFD /* GoogleService-Info.plist */; };
/* End PBXBuildFile section */

/* Begin PBXFileReference section */
		1B95E6E13D366B3C266A790F /* Pods-Messenger.release.xcconfig */ = {isa = PBXFileReference; includeInIndex = 1; lastKnownFileType = text.xcconfig; name = "Pods-Messenger.release.xcconfig"; path = "Target Support Files/Pods-Messenger/Pods-Messenger.release.xcconfig"; sourceTree = "<group>"; };
		B9CEBC30C915417C30B32B1C /* Pods-Messenger.debug.xcconfig */ = {isa = PBXFileReference; includeInIndex = 1; lastKnownFileType = text.xcconfig; name = "Pods-Messenger.debug.xcconfig"; path = "Target Support Files/Pods-Messenger/Pods-Messenger.debug.xcconfig"; sourceTree = "<group>"; };
		E9AFC5FDDF6326B23BA689E1 /* Pods_Messenger.framework */ = {isa = PBXFileReference; explicitFileType = wrapper.framework; includeInIndex = 0; path = Pods_Messenger.framework; sourceTree = BUILT_PRODUCTS_DIR; };
		ED52EC7829F3E65A00F85266 /* DatabaseManager.swift */ = {isa = PBXFileReference; lastKnownFileType = sourcecode.swift; path = DatabaseManager.swift; sourceTree = "<group>"; };
		EDABC4EE29EC14ED001F1BFD /* Messenger.app */ = {isa = PBXFileReference; explicitFileType = wrapper.application; includeInIndex = 0; path = Messenger.app; sourceTree = BUILT_PRODUCTS_DIR; };
		EDABC4F129EC14ED001F1BFD /* AppDelegate.swift */ = {isa = PBXFileReference; lastKnownFileType = sourcecode.swift; path = AppDelegate.swift; sourceTree = "<group>"; };
		EDABC4F329EC14ED001F1BFD /* SceneDelegate.swift */ = {isa = PBXFileReference; lastKnownFileType = sourcecode.swift; path = SceneDelegate.swift; sourceTree = "<group>"; };
		EDABC4F529EC14ED001F1BFD /* ConversationViewController.swift */ = {isa = PBXFileReference; lastKnownFileType = sourcecode.swift; path = ConversationViewController.swift; sourceTree = "<group>"; };
		EDABC4F829EC14ED001F1BFD /* Base */ = {isa = PBXFileReference; lastKnownFileType = file.storyboard; name = Base; path = Base.lproj/Main.storyboard; sourceTree = "<group>"; };
		EDABC4FA29EC14EF001F1BFD /* Assets.xcassets */ = {isa = PBXFileReference; lastKnownFileType = folder.assetcatalog; path = Assets.xcassets; sourceTree = "<group>"; };
		EDABC4FD29EC14EF001F1BFD /* Base */ = {isa = PBXFileReference; lastKnownFileType = file.storyboard; name = Base; path = Base.lproj/LaunchScreen.storyboard; sourceTree = "<group>"; };
		EDABC4FF29EC14EF001F1BFD /* Info.plist */ = {isa = PBXFileReference; lastKnownFileType = text.plist.xml; path = Info.plist; sourceTree = "<group>"; };
		EDABC50B29EC18B1001F1BFD /* LoginViewController.swift */ = {isa = PBXFileReference; lastKnownFileType = sourcecode.swift; path = LoginViewController.swift; sourceTree = "<group>"; };
		EDABC50D29EC18F3001F1BFD /* RegisterViewController.swift */ = {isa = PBXFileReference; lastKnownFileType = sourcecode.swift; path = RegisterViewController.swift; sourceTree = "<group>"; };
		EDABC50F29EC191C001F1BFD /* PhotoViewerViewController.swift */ = {isa = PBXFileReference; lastKnownFileType = sourcecode.swift; path = PhotoViewerViewController.swift; sourceTree = "<group>"; };
		EDABC51129EC193A001F1BFD /* VideoPlayerViewController.swift */ = {isa = PBXFileReference; lastKnownFileType = sourcecode.swift; path = VideoPlayerViewController.swift; sourceTree = "<group>"; };
		EDABC51329EC1965001F1BFD /* NewConversationViewController.swift */ = {isa = PBXFileReference; lastKnownFileType = sourcecode.swift; path = NewConversationViewController.swift; sourceTree = "<group>"; };
		EDABC51529EC198C001F1BFD /* ProfileViewController.swift */ = {isa = PBXFileReference; lastKnownFileType = sourcecode.swift; path = ProfileViewController.swift; sourceTree = "<group>"; };
		EDABC51829ED7134001F1BFD /* Extensions.swift */ = {isa = PBXFileReference; lastKnownFileType = sourcecode.swift; path = Extensions.swift; sourceTree = "<group>"; };
		EDABC51A29F03166001F1BFD /* GoogleService-Info.plist */ = {isa = PBXFileReference; fileEncoding = 4; lastKnownFileType = text.plist.xml; path = "GoogleService-Info.plist"; sourceTree = "<group>"; };
/* End PBXFileReference section */

/* Begin PBXFrameworksBuildPhase section */
		EDABC4EB29EC14ED001F1BFD /* Frameworks */ = {
			isa = PBXFrameworksBuildPhase;
			buildActionMask = 2147483647;
			files = (
				924338DB28611D4EB23D3D31 /* Pods_Messenger.framework in Frameworks */,
			);
			runOnlyForDeploymentPostprocessing = 0;
		};
/* End PBXFrameworksBuildPhase section */

/* Begin PBXGroup section */
		0546EB98B63E51DE6BD9C120 /* Pods */ = {
			isa = PBXGroup;
			children = (
				B9CEBC30C915417C30B32B1C /* Pods-Messenger.debug.xcconfig */,
				1B95E6E13D366B3C266A790F /* Pods-Messenger.release.xcconfig */,
			);
			path = Pods;
			sourceTree = "<group>";
		};
		CE14376D43818C9E059274F0 /* Frameworks */ = {
			isa = PBXGroup;
			children = (
				E9AFC5FDDF6326B23BA689E1 /* Pods_Messenger.framework */,
			);
			name = Frameworks;
			sourceTree = "<group>";
		};
		EDABC4E529EC14ED001F1BFD = {
			isa = PBXGroup;
			children = (
				EDABC4F029EC14ED001F1BFD /* Messenger */,
				EDABC4EF29EC14ED001F1BFD /* Products */,
				0546EB98B63E51DE6BD9C120 /* Pods */,
				CE14376D43818C9E059274F0 /* Frameworks */,
			);
			sourceTree = "<group>";
		};
		EDABC4EF29EC14ED001F1BFD /* Products */ = {
			isa = PBXGroup;
			children = (
				EDABC4EE29EC14ED001F1BFD /* Messenger.app */,
			);
			name = Products;
			sourceTree = "<group>";
		};
		EDABC4F029EC14ED001F1BFD /* Messenger */ = {
			isa = PBXGroup;
			children = (
				EDABC51A29F03166001F1BFD /* GoogleService-Info.plist */,
				EDABC50929EC1740001F1BFD /* Resources */,
				EDABC50729EC171F001F1BFD /* ViewModels */,
				EDABC50529EC1711001F1BFD /* Models */,
				EDABC50629EC171B001F1BFD /* Views */,
				EDABC50829EC1726001F1BFD /* Controllers */,
				EDABC4FF29EC14EF001F1BFD /* Info.plist */,
			);
			path = Messenger;
			sourceTree = "<group>";
		};
		EDABC50529EC1711001F1BFD /* Models */ = {
			isa = PBXGroup;
			children = (
			);
			path = Models;
			sourceTree = "<group>";
		};
		EDABC50629EC171B001F1BFD /* Views */ = {
			isa = PBXGroup;
			children = (
				EDABC50A29EC1762001F1BFD /* Storyboard */,
				EDABC4FA29EC14EF001F1BFD /* Assets.xcassets */,
			);
			path = Views;
			sourceTree = "<group>";
		};
		EDABC50729EC171F001F1BFD /* ViewModels */ = {
			isa = PBXGroup;
			children = (
			);
			path = ViewModels;
			sourceTree = "<group>";
		};
		EDABC50829EC1726001F1BFD /* Controllers */ = {
			isa = PBXGroup;
			children = (
				EDABC4F529EC14ED001F1BFD /* ConversationViewController.swift */,
				EDABC51729ED6A6D001F1BFD /* Login */,
				EDABC50F29EC191C001F1BFD /* PhotoViewerViewController.swift */,
				EDABC51129EC193A001F1BFD /* VideoPlayerViewController.swift */,
				EDABC51329EC1965001F1BFD /* NewConversationViewController.swift */,
				EDABC51529EC198C001F1BFD /* ProfileViewController.swift */,
			);
			path = Controllers;
			sourceTree = "<group>";
		};
		EDABC50929EC1740001F1BFD /* Resources */ = {
			isa = PBXGroup;
			children = (
				EDABC4F129EC14ED001F1BFD /* AppDelegate.swift */,
				EDABC4F329EC14ED001F1BFD /* SceneDelegate.swift */,
				EDABC51829ED7134001F1BFD /* Extensions.swift */,
				ED52EC7829F3E65A00F85266 /* DatabaseManager.swift */,
			);
			path = Resources;
			sourceTree = "<group>";
		};
		EDABC50A29EC1762001F1BFD /* Storyboard */ = {
			isa = PBXGroup;
			children = (
				EDABC4F729EC14ED001F1BFD /* Main.storyboard */,
				EDABC4FC29EC14EF001F1BFD /* LaunchScreen.storyboard */,
			);
			path = Storyboard;
			sourceTree = "<group>";
		};
		EDABC51729ED6A6D001F1BFD /* Login */ = {
			isa = PBXGroup;
			children = (
				EDABC50B29EC18B1001F1BFD /* LoginViewController.swift */,
				EDABC50D29EC18F3001F1BFD /* RegisterViewController.swift */,
			);
			path = Login;
			sourceTree = "<group>";
		};
/* End PBXGroup section */

/* Begin PBXNativeTarget section */
		EDABC4ED29EC14ED001F1BFD /* Messenger */ = {
			isa = PBXNativeTarget;
			buildConfigurationList = EDABC50229EC14EF001F1BFD /* Build configuration list for PBXNativeTarget "Messenger" */;
			buildPhases = (
				232340328DC9F53F42D8B6C5 /* [CP] Check Pods Manifest.lock */,
				EDABC4EA29EC14ED001F1BFD /* Sources */,
				EDABC4EB29EC14ED001F1BFD /* Frameworks */,
				EDABC4EC29EC14ED001F1BFD /* Resources */,
				E67909C8A5FAF5DB29F89435 /* [CP] Embed Pods Frameworks */,
			);
			buildRules = (
			);
			dependencies = (
			);
			name = Messenger;
			productName = Messenger;
			productReference = EDABC4EE29EC14ED001F1BFD /* Messenger.app */;
			productType = "com.apple.product-type.application";
		};
/* End PBXNativeTarget section */

/* Begin PBXProject section */
		EDABC4E629EC14ED001F1BFD /* Project object */ = {
			isa = PBXProject;
			attributes = {
				BuildIndependentTargetsInParallel = 1;
				LastSwiftUpdateCheck = 1430;
				LastUpgradeCheck = 1430;
				TargetAttributes = {
					EDABC4ED29EC14ED001F1BFD = {
						CreatedOnToolsVersion = 14.3;
					};
				};
			};
			buildConfigurationList = EDABC4E929EC14ED001F1BFD /* Build configuration list for PBXProject "Messenger" */;
			compatibilityVersion = "Xcode 13.0";
			developmentRegion = en;
			hasScannedForEncodings = 0;
			knownRegions = (
				en,
				Base,
			);
			mainGroup = EDABC4E529EC14ED001F1BFD;
			productRefGroup = EDABC4EF29EC14ED001F1BFD /* Products */;
			projectDirPath = "";
			projectRoot = "";
			targets = (
				EDABC4ED29EC14ED001F1BFD /* Messenger */,
			);
		};
/* End PBXProject section */

/* Begin PBXResourcesBuildPhase section */
		EDABC4EC29EC14ED001F1BFD /* Resources */ = {
			isa = PBXResourcesBuildPhase;
			buildActionMask = 2147483647;
			files = (
				EDABC4FE29EC14EF001F1BFD /* LaunchScreen.storyboard in Resources */,
				EDABC4FB29EC14EF001F1BFD /* Assets.xcassets in Resources */,
				EDABC51B29F03166001F1BFD /* GoogleService-Info.plist in Resources */,
				EDABC4F929EC14ED001F1BFD /* Main.storyboard in Resources */,
			);
			runOnlyForDeploymentPostprocessing = 0;
		};
/* End PBXResourcesBuildPhase section */

/* Begin PBXShellScriptBuildPhase section */
		232340328DC9F53F42D8B6C5 /* [CP] Check Pods Manifest.lock */ = {
			isa = PBXShellScriptBuildPhase;
			buildActionMask = 2147483647;
			files = (
			);
			inputFileListPaths = (
			);
			inputPaths = (
				"${PODS_PODFILE_DIR_PATH}/Podfile.lock",
				"${PODS_ROOT}/Manifest.lock",
			);
			name = "[CP] Check Pods Manifest.lock";
			outputFileListPaths = (
			);
			outputPaths = (
				"$(DERIVED_FILE_DIR)/Pods-Messenger-checkManifestLockResult.txt",
			);
			runOnlyForDeploymentPostprocessing = 0;
			shellPath = /bin/sh;
			shellScript = "diff \"${PODS_PODFILE_DIR_PATH}/Podfile.lock\" \"${PODS_ROOT}/Manifest.lock\" > /dev/null\nif [ $? != 0 ] ; then\n    # print error to STDERR\n    echo \"error: The sandbox is not in sync with the Podfile.lock. Run 'pod install' or update your CocoaPods installation.\" >&2\n    exit 1\nfi\n# This output is used by Xcode 'outputs' to avoid re-running this script phase.\necho \"SUCCESS\" > \"${SCRIPT_OUTPUT_FILE_0}\"\n";
			showEnvVarsInLog = 0;
		};
		E67909C8A5FAF5DB29F89435 /* [CP] Embed Pods Frameworks */ = {
			isa = PBXShellScriptBuildPhase;
			buildActionMask = 2147483647;
			files = (
			);
			inputFileListPaths = (
				"${PODS_ROOT}/Target Support Files/Pods-Messenger/Pods-Messenger-frameworks-${CONFIGURATION}-input-files.xcfilelist",
			);
			name = "[CP] Embed Pods Frameworks";
			outputFileListPaths = (
				"${PODS_ROOT}/Target Support Files/Pods-Messenger/Pods-Messenger-frameworks-${CONFIGURATION}-output-files.xcfilelist",
			);
			runOnlyForDeploymentPostprocessing = 0;
			shellPath = /bin/sh;
			shellScript = "\"${PODS_ROOT}/Target Support Files/Pods-Messenger/Pods-Messenger-frameworks.sh\"\n";
			showEnvVarsInLog = 0;
		};
/* End PBXShellScriptBuildPhase section */

/* Begin PBXSourcesBuildPhase section */
		EDABC4EA29EC14ED001F1BFD /* Sources */ = {
			isa = PBXSourcesBuildPhase;
			buildActionMask = 2147483647;
			files = (
				EDABC50C29EC18B1001F1BFD /* LoginViewController.swift in Sources */,
				ED52EC7929F3E65A00F85266 /* DatabaseManager.swift in Sources */,
				EDABC50E29EC18F3001F1BFD /* RegisterViewController.swift in Sources */,
				EDABC51429EC1965001F1BFD /* NewConversationViewController.swift in Sources */,
				EDABC4F629EC14ED001F1BFD /* ConversationViewController.swift in Sources */,
				EDABC51229EC193A001F1BFD /* VideoPlayerViewController.swift in Sources */,
				EDABC51929ED7134001F1BFD /* Extensions.swift in Sources */,
				EDABC4F229EC14ED001F1BFD /* AppDelegate.swift in Sources */,
				EDABC51629EC198C001F1BFD /* ProfileViewController.swift in Sources */,
				EDABC4F429EC14ED001F1BFD /* SceneDelegate.swift in Sources */,
				EDABC51029EC191C001F1BFD /* PhotoViewerViewController.swift in Sources */,
			);
			runOnlyForDeploymentPostprocessing = 0;
		};
/* End PBXSourcesBuildPhase section */

/* Begin PBXVariantGroup section */
		EDABC4F729EC14ED001F1BFD /* Main.storyboard */ = {
			isa = PBXVariantGroup;
			children = (
				EDABC4F829EC14ED001F1BFD /* Base */,
			);
			name = Main.storyboard;
			sourceTree = "<group>";
		};
		EDABC4FC29EC14EF001F1BFD /* LaunchScreen.storyboard */ = {
			isa = PBXVariantGroup;
			children = (
				EDABC4FD29EC14EF001F1BFD /* Base */,
			);
			name = LaunchScreen.storyboard;
			sourceTree = "<group>";
		};
/* End PBXVariantGroup section */

/* Begin XCBuildConfiguration section */
		EDABC50029EC14EF001F1BFD /* Debug */ = {
			isa = XCBuildConfiguration;
			buildSettings = {
				ALWAYS_SEARCH_USER_PATHS = NO;
				CLANG_ANALYZER_NONNULL = YES;
				CLANG_ANALYZER_NUMBER_OBJECT_CONVERSION = YES_AGGRESSIVE;
				CLANG_CXX_LANGUAGE_STANDARD = "gnu++20";
				CLANG_ENABLE_MODULES = YES;
				CLANG_ENABLE_OBJC_ARC = YES;
				CLANG_ENABLE_OBJC_WEAK = YES;
				CLANG_WARN_BLOCK_CAPTURE_AUTORELEASING = YES;
				CLANG_WARN_BOOL_CONVERSION = YES;
				CLANG_WARN_COMMA = YES;
				CLANG_WARN_CONSTANT_CONVERSION = YES;
				CLANG_WARN_DEPRECATED_OBJC_IMPLEMENTATIONS = YES;
				CLANG_WARN_DIRECT_OBJC_ISA_USAGE = YES_ERROR;
				CLANG_WARN_DOCUMENTATION_COMMENTS = YES;
				CLANG_WARN_EMPTY_BODY = YES;
				CLANG_WARN_ENUM_CONVERSION = YES;
				CLANG_WARN_INFINITE_RECURSION = YES;
				CLANG_WARN_INT_CONVERSION = YES;
				CLANG_WARN_NON_LITERAL_NULL_CONVERSION = YES;
				CLANG_WARN_OBJC_IMPLICIT_RETAIN_SELF = YES;
				CLANG_WARN_OBJC_LITERAL_CONVERSION = YES;
				CLANG_WARN_OBJC_ROOT_CLASS = YES_ERROR;
				CLANG_WARN_QUOTED_INCLUDE_IN_FRAMEWORK_HEADER = YES;
				CLANG_WARN_RANGE_LOOP_ANALYSIS = YES;
				CLANG_WARN_STRICT_PROTOTYPES = YES;
				CLANG_WARN_SUSPICIOUS_MOVE = YES;
				CLANG_WARN_UNGUARDED_AVAILABILITY = YES_AGGRESSIVE;
				CLANG_WARN_UNREACHABLE_CODE = YES;
				CLANG_WARN__DUPLICATE_METHOD_MATCH = YES;
				COPY_PHASE_STRIP = NO;
				DEBUG_INFORMATION_FORMAT = dwarf;
				ENABLE_STRICT_OBJC_MSGSEND = YES;
				ENABLE_TESTABILITY = YES;
				GCC_C_LANGUAGE_STANDARD = gnu11;
				GCC_DYNAMIC_NO_PIC = NO;
				GCC_NO_COMMON_BLOCKS = YES;
				GCC_OPTIMIZATION_LEVEL = 0;
				GCC_PREPROCESSOR_DEFINITIONS = (
					"DEBUG=1",
					"$(inherited)",
				);
				GCC_WARN_64_TO_32_BIT_CONVERSION = YES;
				GCC_WARN_ABOUT_RETURN_TYPE = YES_ERROR;
				GCC_WARN_UNDECLARED_SELECTOR = YES;
				GCC_WARN_UNINITIALIZED_AUTOS = YES_AGGRESSIVE;
				GCC_WARN_UNUSED_FUNCTION = YES;
				GCC_WARN_UNUSED_VARIABLE = YES;
				IPHONEOS_DEPLOYMENT_TARGET = 16.4;
				MTL_ENABLE_DEBUG_INFO = INCLUDE_SOURCE;
				MTL_FAST_MATH = YES;
				ONLY_ACTIVE_ARCH = YES;
				SDKROOT = iphoneos;
				SWIFT_ACTIVE_COMPILATION_CONDITIONS = DEBUG;
				SWIFT_OPTIMIZATION_LEVEL = "-Onone";
			};
			name = Debug;
		};
		EDABC50129EC14EF001F1BFD /* Release */ = {
			isa = XCBuildConfiguration;
			buildSettings = {
				ALWAYS_SEARCH_USER_PATHS = NO;
				CLANG_ANALYZER_NONNULL = YES;
				CLANG_ANALYZER_NUMBER_OBJECT_CONVERSION = YES_AGGRESSIVE;
				CLANG_CXX_LANGUAGE_STANDARD = "gnu++20";
				CLANG_ENABLE_MODULES = YES;
				CLANG_ENABLE_OBJC_ARC = YES;
				CLANG_ENABLE_OBJC_WEAK = YES;
				CLANG_WARN_BLOCK_CAPTURE_AUTORELEASING = YES;
				CLANG_WARN_BOOL_CONVERSION = YES;
				CLANG_WARN_COMMA = YES;
				CLANG_WARN_CONSTANT_CONVERSION = YES;
				CLANG_WARN_DEPRECATED_OBJC_IMPLEMENTATIONS = YES;
				CLANG_WARN_DIRECT_OBJC_ISA_USAGE = YES_ERROR;
				CLANG_WARN_DOCUMENTATION_COMMENTS = YES;
				CLANG_WARN_EMPTY_BODY = YES;
				CLANG_WARN_ENUM_CONVERSION = YES;
				CLANG_WARN_INFINITE_RECURSION = YES;
				CLANG_WARN_INT_CONVERSION = YES;
				CLANG_WARN_NON_LITERAL_NULL_CONVERSION = YES;
				CLANG_WARN_OBJC_IMPLICIT_RETAIN_SELF = YES;
				CLANG_WARN_OBJC_LITERAL_CONVERSION = YES;
				CLANG_WARN_OBJC_ROOT_CLASS = YES_ERROR;
				CLANG_WARN_QUOTED_INCLUDE_IN_FRAMEWORK_HEADER = YES;
				CLANG_WARN_RANGE_LOOP_ANALYSIS = YES;
				CLANG_WARN_STRICT_PROTOTYPES = YES;
				CLANG_WARN_SUSPICIOUS_MOVE = YES;
				CLANG_WARN_UNGUARDED_AVAILABILITY = YES_AGGRESSIVE;
				CLANG_WARN_UNREACHABLE_CODE = YES;
				CLANG_WARN__DUPLICATE_METHOD_MATCH = YES;
				COPY_PHASE_STRIP = NO;
				DEBUG_INFORMATION_FORMAT = "dwarf-with-dsym";
				ENABLE_NS_ASSERTIONS = NO;
				ENABLE_STRICT_OBJC_MSGSEND = YES;
				GCC_C_LANGUAGE_STANDARD = gnu11;
				GCC_NO_COMMON_BLOCKS = YES;
				GCC_WARN_64_TO_32_BIT_CONVERSION = YES;
				GCC_WARN_ABOUT_RETURN_TYPE = YES_ERROR;
				GCC_WARN_UNDECLARED_SELECTOR = YES;
				GCC_WARN_UNINITIALIZED_AUTOS = YES_AGGRESSIVE;
				GCC_WARN_UNUSED_FUNCTION = YES;
				GCC_WARN_UNUSED_VARIABLE = YES;
				IPHONEOS_DEPLOYMENT_TARGET = 16.4;
				MTL_ENABLE_DEBUG_INFO = NO;
				MTL_FAST_MATH = YES;
				SDKROOT = iphoneos;
				SWIFT_COMPILATION_MODE = wholemodule;
				SWIFT_OPTIMIZATION_LEVEL = "-O";
				VALIDATE_PRODUCT = YES;
			};
			name = Release;
		};
		EDABC50329EC14EF001F1BFD /* Debug */ = {
			isa = XCBuildConfiguration;
			baseConfigurationReference = B9CEBC30C915417C30B32B1C /* Pods-Messenger.debug.xcconfig */;
			buildSettings = {
				ASSETCATALOG_COMPILER_APPICON_NAME = AppIcon;
				ASSETCATALOG_COMPILER_GLOBAL_ACCENT_COLOR_NAME = AccentColor;
				CODE_SIGN_STYLE = Automatic;
				CURRENT_PROJECT_VERSION = 1;
				DEVELOPMENT_TEAM = GZDV83GR4U;
				GENERATE_INFOPLIST_FILE = YES;
				INFOPLIST_FILE = Messenger/Info.plist;
				INFOPLIST_KEY_UIApplicationSupportsIndirectInputEvents = YES;
				INFOPLIST_KEY_UILaunchStoryboardName = LaunchScreen;
				INFOPLIST_KEY_UIMainStoryboardFile = Main;
				INFOPLIST_KEY_UISupportedInterfaceOrientations = UIInterfaceOrientationPortrait;
				IPHONEOS_DEPLOYMENT_TARGET = 13.0;
				LD_RUNPATH_SEARCH_PATHS = (
					"$(inherited)",
					"@executable_path/Frameworks",
				);
				MARKETING_VERSION = 1.0;
				PRODUCT_BUNDLE_IDENTIFIER = com.Ravneet.Messenger;
				PRODUCT_NAME = "$(TARGET_NAME)";
				SWIFT_EMIT_LOC_STRINGS = YES;
				SWIFT_VERSION = 5.0;
				TARGETED_DEVICE_FAMILY = "1,2";
			};
			name = Debug;
		};
		EDABC50429EC14EF001F1BFD /* Release */ = {
			isa = XCBuildConfiguration;
			baseConfigurationReference = 1B95E6E13D366B3C266A790F /* Pods-Messenger.release.xcconfig */;
			buildSettings = {
				ASSETCATALOG_COMPILER_APPICON_NAME = AppIcon;
				ASSETCATALOG_COMPILER_GLOBAL_ACCENT_COLOR_NAME = AccentColor;
				CODE_SIGN_STYLE = Automatic;
				CURRENT_PROJECT_VERSION = 1;
				DEVELOPMENT_TEAM = GZDV83GR4U;
				GENERATE_INFOPLIST_FILE = YES;
				INFOPLIST_FILE = Messenger/Info.plist;
				INFOPLIST_KEY_UIApplicationSupportsIndirectInputEvents = YES;
				INFOPLIST_KEY_UILaunchStoryboardName = LaunchScreen;
				INFOPLIST_KEY_UIMainStoryboardFile = Main;
				INFOPLIST_KEY_UISupportedInterfaceOrientations = UIInterfaceOrientationPortrait;
				IPHONEOS_DEPLOYMENT_TARGET = 13.0;
				LD_RUNPATH_SEARCH_PATHS = (
					"$(inherited)",
					"@executable_path/Frameworks",
				);
				MARKETING_VERSION = 1.0;
				PRODUCT_BUNDLE_IDENTIFIER = com.Ravneet.Messenger;
				PRODUCT_NAME = "$(TARGET_NAME)";
				SWIFT_EMIT_LOC_STRINGS = YES;
				SWIFT_VERSION = 5.0;
				TARGETED_DEVICE_FAMILY = "1,2";
			};
			name = Release;
		};
/* End XCBuildConfiguration section */

/* Begin XCConfigurationList section */
		EDABC4E929EC14ED001F1BFD /* Build configuration list for PBXProject "Messenger" */ = {
			isa = XCConfigurationList;
			buildConfigurations = (
				EDABC50029EC14EF001F1BFD /* Debug */,
				EDABC50129EC14EF001F1BFD /* Release */,
			);
			defaultConfigurationIsVisible = 0;
			defaultConfigurationName = Release;
		};
		EDABC50229EC14EF001F1BFD /* Build configuration list for PBXNativeTarget "Messenger" */ = {
			isa = XCConfigurationList;
			buildConfigurations = (
				EDABC50329EC14EF001F1BFD /* Debug */,
				EDABC50429EC14EF001F1BFD /* Release */,
			);
			defaultConfigurationIsVisible = 0;
			defaultConfigurationName = Release;
		};
/* End XCConfigurationList section */
	};
	rootObject = EDABC4E629EC14ED001F1BFD /* Project object */;
}
